
Microsoft Visual Studio Solution File, Format Version 12.00
# Visual Studio Version 17
VisualStudioVersion = 17.8.34511.84
MinimumVisualStudioVersion = 10.0.40219.1
Project("{FAE04EC0-301F-11D3-BF4B-00C04F79EFBC}") = "OrderApp", "OrderApp\OrderApp.csproj", "{73410C3E-FB46-4604-B26E-8217C87956AD}"
EndProject
Global
	GlobalSection(SolutionConfigurationPlatforms) = preSolution
		Debug|Any CPU = Debug|Any CPU
		Release|Any CPU = Release|Any CPU
	EndGlobalSection
	GlobalSection(ProjectConfigurationPlatforms) = postSolution
		{73410C3E-FB46-4604-B26E-8217C87956AD}.Debug|Any CPU.ActiveCfg = Debug|Any CPU
		{73410C3E-FB46-4604-B26E-8217C87956AD}.Debug|Any CPU.Build.0 = Debug|Any CPU
		{73410C3E-FB46-4604-B26E-8217C87956AD}.Release|Any CPU.ActiveCfg = Release|Any CPU
		{73410C3E-FB46-4604-B26E-8217C87956AD}.Release|Any CPU.Build.0 = Release|Any CPU
	EndGlobalSection
	GlobalSection(SolutionProperties) = preSolution
		HideSolutionNode = FALSE
	EndGlobalSection
	GlobalSection(ExtensibilityGlobals) = postSolution
		SolutionGuid = {E3C66127-E2C6-4489-90A3-1F782288193D}
	EndGlobalSection
EndGlobal
